{
  "pins" : [
    {
      "identity" : "swiftuikit",
      "kind" : "remoteSourceControl",
      "location" : "https://github.com/youjinp/SwiftUIKit",
      "state" : {
        "revision" : "90c0ec689b3b415630a8a71748637588a097609d",
        "version" : "0.0.16"
      }
    }
  ],
  "version" : 2
}
